
Microsoft Visual Studio Solution File, Format Version 12.00
# Visual Studio Version 16
VisualStudioVersion = 16.0.32126.315
MinimumVisualStudioVersion = 10.0.40219.1
Project("{FAE04EC0-301F-11D3-BF4B-00C04F79EFBC}") = "HotelFinder.Entities", "HotelFinder.Entities\HotelFinder.Entities.csproj", "{660A8515-6224-4AF3-8507-60144A9E202F}"
EndProject
Project("{FAE04EC0-301F-11D3-BF4B-00C04F79EFBC}") = "HotelFinder.DataAccess", "HotelFinder.DataAccess\HotelFinder.DataAccess.csproj", "{D7522C78-B1F1-42D0-8C66-3A33F9F7A4D2}"
EndProject
Project("{FAE04EC0-301F-11D3-BF4B-00C04F79EFBC}") = "HotelFinder.Business", "HotelFinder.Business\HotelFinder.Business.csproj", "{0DAFD519-4718-40A2-AB20-1B5935D29F22}"
EndProject
Project("{FAE04EC0-301F-11D3-BF4B-00C04F79EFBC}") = "HotelFinder.API", "HotelFinder.API\HotelFinder.API.csproj", "{FA2A2540-0E2A-4D4B-8E8B-7582A314CF6E}"
EndProject
Global
	GlobalSection(SolutionConfigurationPlatforms) = preSolution
		Debug|Any CPU = Debug|Any CPU
		Release|Any CPU = Release|Any CPU
	EndGlobalSection
	GlobalSection(ProjectConfigurationPlatforms) = postSolution
		{660A8515-6224-4AF3-8507-60144A9E202F}.Debug|Any CPU.ActiveCfg = Debug|Any CPU
		{660A8515-6224-4AF3-8507-60144A9E202F}.Debug|Any CPU.Build.0 = Debug|Any CPU
		{660A8515-6224-4AF3-8507-60144A9E202F}.Release|Any CPU.ActiveCfg = Release|Any CPU
		{660A8515-6224-4AF3-8507-60144A9E202F}.Release|Any CPU.Build.0 = Release|Any CPU
		{D7522C78-B1F1-42D0-8C66-3A33F9F7A4D2}.Debug|Any CPU.ActiveCfg = Debug|Any CPU
		{D7522C78-B1F1-42D0-8C66-3A33F9F7A4D2}.Debug|Any CPU.Build.0 = Debug|Any CPU
		{D7522C78-B1F1-42D0-8C66-3A33F9F7A4D2}.Release|Any CPU.ActiveCfg = Release|Any CPU
		{D7522C78-B1F1-42D0-8C66-3A33F9F7A4D2}.Release|Any CPU.Build.0 = Release|Any CPU
		{0DAFD519-4718-40A2-AB20-1B5935D29F22}.Debug|Any CPU.ActiveCfg = Debug|Any CPU
		{0DAFD519-4718-40A2-AB20-1B5935D29F22}.Debug|Any CPU.Build.0 = Debug|Any CPU
		{0DAFD519-4718-40A2-AB20-1B5935D29F22}.Release|Any CPU.ActiveCfg = Release|Any CPU
		{0DAFD519-4718-40A2-AB20-1B5935D29F22}.Release|Any CPU.Build.0 = Release|Any CPU
		{FA2A2540-0E2A-4D4B-8E8B-7582A314CF6E}.Debug|Any CPU.ActiveCfg = Debug|Any CPU
		{FA2A2540-0E2A-4D4B-8E8B-7582A314CF6E}.Debug|Any CPU.Build.0 = Debug|Any CPU
		{FA2A2540-0E2A-4D4B-8E8B-7582A314CF6E}.Release|Any CPU.ActiveCfg = Release|Any CPU
		{FA2A2540-0E2A-4D4B-8E8B-7582A314CF6E}.Release|Any CPU.Build.0 = Release|Any CPU
	EndGlobalSection
	GlobalSection(SolutionProperties) = preSolution
		HideSolutionNode = FALSE
	EndGlobalSection
	GlobalSection(ExtensibilityGlobals) = postSolution
		SolutionGuid = {9983F043-2854-43C5-9F88-66343A6A1D4E}
	EndGlobalSection
EndGlobal
